
Microsoft Visual Studio Solution File, Format Version 12.00
# Visual Studio Version 17
VisualStudioVersion = 17.14.37027.9 d17.14
MinimumVisualStudioVersion = 10.0.40219.1
Project("{FAE04EC0-301F-11D3-BF4B-00C04F79EFBC}") = "CapaDatos", "CapaDatos\CapaDatos.csproj", "{D59AD12E-4AB4-4242-A78F-AE95D0CEA7A8}"
EndProject
Global
	GlobalSection(SolutionConfigurationPlatforms) = preSolution
		Debug|Any CPU = Debug|Any CPU
		Release|Any CPU = Release|Any CPU
	EndGlobalSection
	GlobalSection(ProjectConfigurationPlatforms) = postSolution
		{D59AD12E-4AB4-4242-A78F-AE95D0CEA7A8}.Debug|Any CPU.ActiveCfg = Debug|Any CPU
		{D59AD12E-4AB4-4242-A78F-AE95D0CEA7A8}.Debug|Any CPU.Build.0 = Debug|Any CPU
		{D59AD12E-4AB4-4242-A78F-AE95D0CEA7A8}.Release|Any CPU.ActiveCfg = Release|Any CPU
		{D59AD12E-4AB4-4242-A78F-AE95D0CEA7A8}.Release|Any CPU.Build.0 = Release|Any CPU
	EndGlobalSection
	GlobalSection(SolutionProperties) = preSolution
		HideSolutionNode = FALSE
	EndGlobalSection
	GlobalSection(ExtensibilityGlobals) = postSolution
		SolutionGuid = {946D8B4C-F71F-4E83-BC11-9C5E1A061F10}
	EndGlobalSection
EndGlobal
